
Microsoft Visual Studio Solution File, Format Version 11.00
# Visual Studio 2010
Project("{FAE04EC0-301F-11D3-BF4B-00C04F79EFBC}") = "UnityEngine.TestRunner", "UnityEngine.TestRunner.csproj", "{19da25ab-8d55-f9ec-3cab-2ff3d2ae4e57}"
EndProject
Project("{FAE04EC0-301F-11D3-BF4B-00C04F79EFBC}") = "UnityEngine.UI", "UnityEngine.UI.csproj", "{151259e2-7013-174c-ec7c-4fb45f5c8fa5}"
EndProject
Project("{FAE04EC0-301F-11D3-BF4B-00C04F79EFBC}") = "Unity.VisualScripting.Flow", "Unity.VisualScripting.Flow.csproj", "{4ff7719f-e675-259a-b6ad-3f0f2e26e2b9}"
EndProject
Project("{FAE04EC0-301F-11D3-BF4B-00C04F79EFBC}") = "Unity.Mathematics", "Unity.Mathematics.csproj", "{d04218dd-2de1-0ee4-53ae-b66a409cc76b}"
EndProject
Project("{FAE04EC0-301F-11D3-BF4B-00C04F79EFBC}") = "Unity.VisualScripting.State", "Unity.VisualScripting.State.csproj", "{a6ba8cda-c154-7869-1482-e948f66f4df9}"
EndProject
Project("{FAE04EC0-301F-11D3-BF4B-00C04F79EFBC}") = "Unity.VisualScripting.Core", "Unity.VisualScripting.Core.csproj", "{3d72667e-c5fe-cf25-1892-cd5e1b850e74}"
EndProject
Project("{FAE04EC0-301F-11D3-BF4B-00C04F79EFBC}") = "Unity.Burst", "Unity.Burst.csproj", "{40038a4f-e454-f8f7-e075-0b35faaa09ab}"
EndProject
Project("{FAE04EC0-301F-11D3-BF4B-00C04F79EFBC}") = "Unity.2D.Animation.Runtime", "Unity.2D.Animation.Runtime.csproj", "{032c5c58-1cdd-6d58-3bfd-eb835c3b3f22}"
EndProject
Project("{FAE04EC0-301F-11D3-BF4B-00C04F79EFBC}") = "Unity.TextMeshPro", "Unity.TextMeshPro.csproj", "{32b7d050-88fe-70e3-c4b8-695858d66632}"
EndProject
Project("{FAE04EC0-301F-11D3-BF4B-00C04F79EFBC}") = "Unity.Timeline", "Unity.Timeline.csproj", "{825abe11-5dba-0aae-937a-3e22734241d1}"
EndProject
Project("{FAE04EC0-301F-11D3-BF4B-00C04F79EFBC}") = "Unity.2D.SpriteShape.Runtime", "Unity.2D.SpriteShape.Runtime.csproj", "{4b004ea4-cc7e-b6d1-2c75-944cb0fa9066}"
EndProject
Project("{FAE04EC0-301F-11D3-BF4B-00C04F79EFBC}") = "Unity.2D.PixelPerfect", "Unity.2D.PixelPerfect.csproj", "{4625e013-cd00-3ff0-97f2-15d6de89568d}"
EndProject
Project("{FAE04EC0-301F-11D3-BF4B-00C04F79EFBC}") = "Unity.2D.Common.Runtime", "Unity.2D.Common.Runtime.csproj", "{c37158b1-78c2-1a2b-2e70-6049e1ee02e9}"
EndProject
Project("{FAE04EC0-301F-11D3-BF4B-00C04F79EFBC}") = "Unity.2D.IK.Runtime", "Unity.2D.IK.Runtime.csproj", "{c95b772b-767c-5580-3462-c71b50bf3e5b}"
EndProject
Project("{FAE04EC0-301F-11D3-BF4B-00C04F79EFBC}") = "Unity.2D.Tilemap.Extras", "Unity.2D.Tilemap.Extras.csproj", "{c992046f-f8a1-661b-8e90-3182fd48d5aa}"
EndProject
Project("{FAE04EC0-301F-11D3-BF4B-00C04F79EFBC}") = "Unity.InternalAPIEngineBridge.001", "Unity.InternalAPIEngineBridge.001.csproj", "{3f01fa03-502c-04f4-38c1-50a76cf4ecb3}"
EndProject
Project("{FAE04EC0-301F-11D3-BF4B-00C04F79EFBC}") = "Unity.VisualScripting.Core.Editor", "Unity.VisualScripting.Core.Editor.csproj", "{ddd5da29-ed03-339b-1fa9-bc53af798fe5}"
EndProject
Project("{FAE04EC0-301F-11D3-BF4B-00C04F79EFBC}") = "Unity.VisualScripting.Flow.Editor", "Unity.VisualScripting.Flow.Editor.csproj", "{434ac88d-f223-34b6-d0e6-3b79d692f322}"
EndProject
Project("{FAE04EC0-301F-11D3-BF4B-00C04F79EFBC}") = "Unity.2D.Aseprite.Editor", "Unity.2D.Aseprite.Editor.csproj", "{1fde336a-16f5-50d5-44fa-f5df96847b80}"
EndProject
Project("{FAE04EC0-301F-11D3-BF4B-00C04F79EFBC}") = "Unity.VisualStudio.Editor", "Unity.VisualStudio.Editor.csproj", "{4ed5b1af-c75b-a473-39f9-e864c721a14a}"
EndProject
Project("{FAE04EC0-301F-11D3-BF4B-00C04F79EFBC}") = "Unity.Timeline.Editor", "Unity.Timeline.Editor.csproj", "{9ff5ae29-71e3-7f36-0910-3db8da633b4f}"
EndProject
Project("{FAE04EC0-301F-11D3-BF4B-00C04F79EFBC}") = "Unity.VisualScripting.State.Editor", "Unity.VisualScripting.State.Editor.csproj", "{5df2fdad-5c85-389a-6fd6-9ddbf887bcc4}"
EndProject
Project("{FAE04EC0-301F-11D3-BF4B-00C04F79EFBC}") = "Unity.TextMeshPro.Editor", "Unity.TextMeshPro.Editor.csproj", "{91598ef0-15fe-e07f-784e-d4ac731bae1d}"
EndProject
Project("{FAE04EC0-301F-11D3-BF4B-00C04F79EFBC}") = "Unity.2D.PixelPerfect.Editor", "Unity.2D.PixelPerfect.Editor.csproj", "{2be4077a-2e37-f09e-c053-820efed924ff}"
EndProject
Project("{FAE04EC0-301F-11D3-BF4B-00C04F79EFBC}") = "Unity.2D.Animation.Editor", "Unity.2D.Animation.Editor.csproj", "{fbd47927-dee0-92a4-6f7b-ddd7ee13e275}"
EndProject
Project("{FAE04EC0-301F-11D3-BF4B-00C04F79EFBC}") = "Unity.VisualScripting.SettingsProvider.Editor", "Unity.VisualScripting.SettingsProvider.Editor.csproj", "{a0bcfa1e-ac99-6e88-0447-1b10a46429f8}"
EndProject
Project("{FAE04EC0-301F-11D3-BF4B-00C04F79EFBC}") = "Unity.2D.Psdimporter.Editor", "Unity.2D.Psdimporter.Editor.csproj", "{cf5ed38f-a6a5-4a57-7982-7d87f002fda2}"
EndProject
Project("{FAE04EC0-301F-11D3-BF4B-00C04F79EFBC}") = "UnityEditor.TestRunner", "UnityEditor.TestRunner.csproj", "{5da5e1c2-eaeb-3859-0437-b57d0944ed65}"
EndProject
Project("{FAE04EC0-301F-11D3-BF4B-00C04F79EFBC}") = "Unity.2D.Tilemap.Editor", "Unity.2D.Tilemap.Editor.csproj", "{7ea74726-cd2b-9cce-6d82-ac9593e7a287}"
EndProject
Project("{FAE04EC0-301F-11D3-BF4B-00C04F79EFBC}") = "Unity.Rider.Editor", "Unity.Rider.Editor.csproj", "{0ad8b7a7-e77a-7170-7f8f-4661879e9112}"
EndProject
Project("{FAE04EC0-301F-11D3-BF4B-00C04F79EFBC}") = "Unity.2D.Path.Editor", "Unity.2D.Path.Editor.csproj", "{2835e1d0-af20-403e-127a-a3ae016e7959}"
EndProject
Project("{FAE04EC0-301F-11D3-BF4B-00C04F79EFBC}") = "PsdPlugin", "PsdPlugin.csproj", "{fa505848-e82a-9b06-954e-f9edd9d01025}"
EndProject
Project("{FAE04EC0-301F-11D3-BF4B-00C04F79EFBC}") = "Unity.2D.IK.Editor", "Unity.2D.IK.Editor.csproj", "{4ab91cbc-5f77-f7f3-3293-0856159f5a0a}"
EndProject
Project("{FAE04EC0-301F-11D3-BF4B-00C04F79EFBC}") = "Unity.2D.SpriteShape.Editor", "Unity.2D.SpriteShape.Editor.csproj", "{b141b725-30b2-c529-f4c0-892f769aa747}"
EndProject
Project("{FAE04EC0-301F-11D3-BF4B-00C04F79EFBC}") = "Unity.Burst.CodeGen", "Unity.Burst.CodeGen.csproj", "{4e575e35-7332-e2da-87c4-75db50d2c522}"
EndProject
Project("{FAE04EC0-301F-11D3-BF4B-00C04F79EFBC}") = "Unity.VSCode.Editor", "Unity.VSCode.Editor.csproj", "{f4aa436b-e6b2-1f9f-40a4-30008dac29c9}"
EndProject
Project("{FAE04EC0-301F-11D3-BF4B-00C04F79EFBC}") = "Unity.2D.Sprite.Editor", "Unity.2D.Sprite.Editor.csproj", "{e63081d0-65c6-30b4-e59e-fcdce3137def}"
EndProject
Project("{FAE04EC0-301F-11D3-BF4B-00C04F79EFBC}") = "UnityEditor.UI", "UnityEditor.UI.csproj", "{e5762456-6824-d638-ddd2-35f4c46771f4}"
EndProject
Project("{FAE04EC0-301F-11D3-BF4B-00C04F79EFBC}") = "Unity.2D.Common.Editor", "Unity.2D.Common.Editor.csproj", "{99730ebf-e0c7-e33b-317c-f292361b235e}"
EndProject
Project("{FAE04EC0-301F-11D3-BF4B-00C04F79EFBC}") = "Unity.Mathematics.Editor", "Unity.Mathematics.Editor.csproj", "{5396ca5e-69c9-e468-0eac-51cdd5a36a38}"
EndProject
Project("{FAE04EC0-301F-11D3-BF4B-00C04F79EFBC}") = "Unity.InternalAPIEditorBridge.005", "Unity.InternalAPIEditorBridge.005.csproj", "{a04766ed-387e-eccd-f7ac-9f78cb42eefb}"
EndProject
Project("{FAE04EC0-301F-11D3-BF4B-00C04F79EFBC}") = "Unity.2D.Tilemap.Extras.Editor", "Unity.2D.Tilemap.Extras.Editor.csproj", "{9caed928-3d17-b220-fcad-ad749b96d0bf}"
EndProject
Project("{FAE04EC0-301F-11D3-BF4B-00C04F79EFBC}") = "Unity.Burst.Editor", "Unity.Burst.Editor.csproj", "{6fee6104-2794-f5ad-7102-63e6a8176a86}"
EndProject
Project("{FAE04EC0-301F-11D3-BF4B-00C04F79EFBC}") = "Unity.InternalAPIEditorBridge.001", "Unity.InternalAPIEditorBridge.001.csproj", "{3ffe4011-042e-6de3-a72e-7671dfc6f52a}"
EndProject
Project("{FAE04EC0-301F-11D3-BF4B-00C04F79EFBC}") = "Unity.VisualScripting.Shared.Editor", "Unity.VisualScripting.Shared.Editor.csproj", "{e2c1aeec-0729-33fd-7e08-3780905f884f}"
EndProject
Project("{FAE04EC0-301F-11D3-BF4B-00C04F79EFBC}") = "Unity.2D.Aseprite.Common", "Unity.2D.Aseprite.Common.csproj", "{be7f58d4-ff1f-92bc-f187-141dc4d91e6c}"
EndProject
Global
	GlobalSection(SolutionConfigurationPlatforms) = preSolution
		Debug|Any CPU = Debug|Any CPU
	EndGlobalSection
	GlobalSection(ProjectConfigurationPlatforms) = postSolution
		{19da25ab-8d55-f9ec-3cab-2ff3d2ae4e57}.Debug|Any CPU.ActiveCfg = Debug|Any CPU
		{19da25ab-8d55-f9ec-3cab-2ff3d2ae4e57}.Debug|Any CPU.Build.0 = Debug|Any CPU
		{151259e2-7013-174c-ec7c-4fb45f5c8fa5}.Debug|Any CPU.ActiveCfg = Debug|Any CPU
		{151259e2-7013-174c-ec7c-4fb45f5c8fa5}.Debug|Any CPU.Build.0 = Debug|Any CPU
		{4ff7719f-e675-259a-b6ad-3f0f2e26e2b9}.Debug|Any CPU.ActiveCfg = Debug|Any CPU
		{4ff7719f-e675-259a-b6ad-3f0f2e26e2b9}.Debug|Any CPU.Build.0 = Debug|Any CPU
		{d04218dd-2de1-0ee4-53ae-b66a409cc76b}.Debug|Any CPU.ActiveCfg = Debug|Any CPU
		{d04218dd-2de1-0ee4-53ae-b66a409cc76b}.Debug|Any CPU.Build.0 = Debug|Any CPU
		{a6ba8cda-c154-7869-1482-e948f66f4df9}.Debug|Any CPU.ActiveCfg = Debug|Any CPU
		{a6ba8cda-c154-7869-1482-e948f66f4df9}.Debug|Any CPU.Build.0 = Debug|Any CPU
		{3d72667e-c5fe-cf25-1892-cd5e1b850e74}.Debug|Any CPU.ActiveCfg = Debug|Any CPU
		{3d72667e-c5fe-cf25-1892-cd5e1b850e74}.Debug|Any CPU.Build.0 = Debug|Any CPU
		{40038a4f-e454-f8f7-e075-0b35faaa09ab}.Debug|Any CPU.ActiveCfg = Debug|Any CPU
		{40038a4f-e454-f8f7-e075-0b35faaa09ab}.Debug|Any CPU.Build.0 = Debug|Any CPU
		{032c5c58-1cdd-6d58-3bfd-eb835c3b3f22}.Debug|Any CPU.ActiveCfg = Debug|Any CPU
		{032c5c58-1cdd-6d58-3bfd-eb835c3b3f22}.Debug|Any CPU.Build.0 = Debug|Any CPU
		{32b7d050-88fe-70e3-c4b8-695858d66632}.Debug|Any CPU.ActiveCfg = Debug|Any CPU
		{32b7d050-88fe-70e3-c4b8-695858d66632}.Debug|Any CPU.Build.0 = Debug|Any CPU
		{825abe11-5dba-0aae-937a-3e22734241d1}.Debug|Any CPU.ActiveCfg = Debug|Any CPU
		{825abe11-5dba-0aae-937a-3e22734241d1}.Debug|Any CPU.Build.0 = Debug|Any CPU
		{4b004ea4-cc7e-b6d1-2c75-944cb0fa9066}.Debug|Any CPU.ActiveCfg = Debug|Any CPU
		{4b004ea4-cc7e-b6d1-2c75-944cb0fa9066}.Debug|Any CPU.Build.0 = Debug|Any CPU
		{4625e013-cd00-3ff0-97f2-15d6de89568d}.Debug|Any CPU.ActiveCfg = Debug|Any CPU
		{4625e013-cd00-3ff0-97f2-15d6de89568d}.Debug|Any CPU.Build.0 = Debug|Any CPU
		{c37158b1-78c2-1a2b-2e70-6049e1ee02e9}.Debug|Any CPU.ActiveCfg = Debug|Any CPU
		{c37158b1-78c2-1a2b-2e70-6049e1ee02e9}.Debug|Any CPU.Build.0 = Debug|Any CPU
		{c95b772b-767c-5580-3462-c71b50bf3e5b}.Debug|Any CPU.ActiveCfg = Debug|Any CPU
		{c95b772b-767c-5580-3462-c71b50bf3e5b}.Debug|Any CPU.Build.0 = Debug|Any CPU
		{c992046f-f8a1-661b-8e90-3182fd48d5aa}.Debug|Any CPU.ActiveCfg = Debug|Any CPU
		{c992046f-f8a1-661b-8e90-3182fd48d5aa}.Debug|Any CPU.Build.0 = Debug|Any CPU
		{3f01fa03-502c-04f4-38c1-50a76cf4ecb3}.Debug|Any CPU.ActiveCfg = Debug|Any CPU
		{3f01fa03-502c-04f4-38c1-50a76cf4ecb3}.Debug|Any CPU.Build.0 = Debug|Any CPU
		{ddd5da29-ed03-339b-1fa9-bc53af798fe5}.Debug|Any CPU.ActiveCfg = Debug|Any CPU
		{ddd5da29-ed03-339b-1fa9-bc53af798fe5}.Debug|Any CPU.Build.0 = Debug|Any CPU
		{434ac88d-f223-34b6-d0e6-3b79d692f322}.Debug|Any CPU.ActiveCfg = Debug|Any CPU
		{434ac88d-f223-34b6-d0e6-3b79d692f322}.Debug|Any CPU.Build.0 = Debug|Any CPU
		{1fde336a-16f5-50d5-44fa-f5df96847b80}.Debug|Any CPU.ActiveCfg = Debug|Any CPU
		{1fde336a-16f5-50d5-44fa-f5df96847b80}.Debug|Any CPU.Build.0 = Debug|Any CPU
		{4ed5b1af-c75b-a473-39f9-e864c721a14a}.Debug|Any CPU.ActiveCfg = Debug|Any CPU
		{4ed5b1af-c75b-a473-39f9-e864c721a14a}.Debug|Any CPU.Build.0 = Debug|Any CPU
		{9ff5ae29-71e3-7f36-0910-3db8da633b4f}.Debug|Any CPU.ActiveCfg = Debug|Any CPU
		{9ff5ae29-71e3-7f36-0910-3db8da633b4f}.Debug|Any CPU.Build.0 = Debug|Any CPU
		{5df2fdad-5c85-389a-6fd6-9ddbf887bcc4}.Debug|Any CPU.ActiveCfg = Debug|Any CPU
		{5df2fdad-5c85-389a-6fd6-9ddbf887bcc4}.Debug|Any CPU.Build.0 = Debug|Any CPU
		{91598ef0-15fe-e07f-784e-d4ac731bae1d}.Debug|Any CPU.ActiveCfg = Debug|Any CPU
		{91598ef0-15fe-e07f-784e-d4ac731bae1d}.Debug|Any CPU.Build.0 = Debug|Any CPU
		{2be4077a-2e37-f09e-c053-820efed924ff}.Debug|Any CPU.ActiveCfg = Debug|Any CPU
		{2be4077a-2e37-f09e-c053-820efed924ff}.Debug|Any CPU.Build.0 = Debug|Any CPU
		{fbd47927-dee0-92a4-6f7b-ddd7ee13e275}.Debug|Any CPU.ActiveCfg = Debug|Any CPU
		{fbd47927-dee0-92a4-6f7b-ddd7ee13e275}.Debug|Any CPU.Build.0 = Debug|Any CPU
		{a0bcfa1e-ac99-6e88-0447-1b10a46429f8}.Debug|Any CPU.ActiveCfg = Debug|Any CPU
		{a0bcfa1e-ac99-6e88-0447-1b10a46429f8}.Debug|Any CPU.Build.0 = Debug|Any CPU
		{cf5ed38f-a6a5-4a57-7982-7d87f002fda2}.Debug|Any CPU.ActiveCfg = Debug|Any CPU
		{cf5ed38f-a6a5-4a57-7982-7d87f002fda2}.Debug|Any CPU.Build.0 = Debug|Any CPU
		{5da5e1c2-eaeb-3859-0437-b57d0944ed65}.Debug|Any CPU.ActiveCfg = Debug|Any CPU
		{5da5e1c2-eaeb-3859-0437-b57d0944ed65}.Debug|Any CPU.Build.0 = Debug|Any CPU
		{7ea74726-cd2b-9cce-6d82-ac9593e7a287}.Debug|Any CPU.ActiveCfg = Debug|Any CPU
		{7ea74726-cd2b-9cce-6d82-ac9593e7a287}.Debug|Any CPU.Build.0 = Debug|Any CPU
		{0ad8b7a7-e77a-7170-7f8f-4661879e9112}.Debug|Any CPU.ActiveCfg = Debug|Any CPU
		{0ad8b7a7-e77a-7170-7f8f-4661879e9112}.Debug|Any CPU.Build.0 = Debug|Any CPU
		{2835e1d0-af20-403e-127a-a3ae016e7959}.Debug|Any CPU.ActiveCfg = Debug|Any CPU
		{2835e1d0-af20-403e-127a-a3ae016e7959}.Debug|Any CPU.Build.0 = Debug|Any CPU
		{fa505848-e82a-9b06-954e-f9edd9d01025}.Debug|Any CPU.ActiveCfg = Debug|Any CPU
		{fa505848-e82a-9b06-954e-f9edd9d01025}.Debug|Any CPU.Build.0 = Debug|Any CPU
		{4ab91cbc-5f77-f7f3-3293-0856159f5a0a}.Debug|Any CPU.ActiveCfg = Debug|Any CPU
		{4ab91cbc-5f77-f7f3-3293-0856159f5a0a}.Debug|Any CPU.Build.0 = Debug|Any CPU
		{b141b725-30b2-c529-f4c0-892f769aa747}.Debug|Any CPU.ActiveCfg = Debug|Any CPU
		{b141b725-30b2-c529-f4c0-892f769aa747}.Debug|Any CPU.Build.0 = Debug|Any CPU
		{4e575e35-7332-e2da-87c4-75db50d2c522}.Debug|Any CPU.ActiveCfg = Debug|Any CPU
		{4e575e35-7332-e2da-87c4-75db50d2c522}.Debug|Any CPU.Build.0 = Debug|Any CPU
		{f4aa436b-e6b2-1f9f-40a4-30008dac29c9}.Debug|Any CPU.ActiveCfg = Debug|Any CPU
		{f4aa436b-e6b2-1f9f-40a4-30008dac29c9}.Debug|Any CPU.Build.0 = Debug|Any CPU
		{e63081d0-65c6-30b4-e59e-fcdce3137def}.Debug|Any CPU.ActiveCfg = Debug|Any CPU
		{e63081d0-65c6-30b4-e59e-fcdce3137def}.Debug|Any CPU.Build.0 = Debug|Any CPU
		{e5762456-6824-d638-ddd2-35f4c46771f4}.Debug|Any CPU.ActiveCfg = Debug|Any CPU
		{e5762456-6824-d638-ddd2-35f4c46771f4}.Debug|Any CPU.Build.0 = Debug|Any CPU
		{99730ebf-e0c7-e33b-317c-f292361b235e}.Debug|Any CPU.ActiveCfg = Debug|Any CPU
		{99730ebf-e0c7-e33b-317c-f292361b235e}.Debug|Any CPU.Build.0 = Debug|Any CPU
		{5396ca5e-69c9-e468-0eac-51cdd5a36a38}.Debug|Any CPU.ActiveCfg = Debug|Any CPU
		{5396ca5e-69c9-e468-0eac-51cdd5a36a38}.Debug|Any CPU.Build.0 = Debug|Any CPU
		{a04766ed-387e-eccd-f7ac-9f78cb42eefb}.Debug|Any CPU.ActiveCfg = Debug|Any CPU
		{a04766ed-387e-eccd-f7ac-9f78cb42eefb}.Debug|Any CPU.Build.0 = Debug|Any CPU
		{9caed928-3d17-b220-fcad-ad749b96d0bf}.Debug|Any CPU.ActiveCfg = Debug|Any CPU
		{9caed928-3d17-b220-fcad-ad749b96d0bf}.Debug|Any CPU.Build.0 = Debug|Any CPU
		{6fee6104-2794-f5ad-7102-63e6a8176a86}.Debug|Any CPU.ActiveCfg = Debug|Any CPU
		{6fee6104-2794-f5ad-7102-63e6a8176a86}.Debug|Any CPU.Build.0 = Debug|Any CPU
		{3ffe4011-042e-6de3-a72e-7671dfc6f52a}.Debug|Any CPU.ActiveCfg = Debug|Any CPU
		{3ffe4011-042e-6de3-a72e-7671dfc6f52a}.Debug|Any CPU.Build.0 = Debug|Any CPU
		{e2c1aeec-0729-33fd-7e08-3780905f884f}.Debug|Any CPU.ActiveCfg = Debug|Any CPU
		{e2c1aeec-0729-33fd-7e08-3780905f884f}.Debug|Any CPU.Build.0 = Debug|Any CPU
		{be7f58d4-ff1f-92bc-f187-141dc4d91e6c}.Debug|Any CPU.ActiveCfg = Debug|Any CPU
		{be7f58d4-ff1f-92bc-f187-141dc4d91e6c}.Debug|Any CPU.Build.0 = Debug|Any CPU
	EndGlobalSection
	GlobalSection(SolutionProperties) = preSolution
		HideSolutionNode = FALSE
	EndGlobalSection
EndGlobal
